<?xml version="1.0" encoding="utf-8"?>
<Project ToolsVersion="4.0" xmlns="http://schemas.microsoft.com/developer/msbuild/2003">
  <ItemGroup>
    <Filter Include="Source Files">
      <UniqueIdentifier>{4FC737F1-C7A5-4376-A066-2A32D752A2FF}</UniqueIdentifier>
      <Extensions>cpp;c;cc;cxx;def;odl;idl;hpj;bat;asm;asmx</Extensions>
    </Filter>
    <Filter Include="Header Files">
      <UniqueIdentifier>{93995380-89BD-4b04-88EB-625FBE52EBFB}</UniqueIdentifier>
      <Extensions>h;hh;hpp;hxx;hm;inl;inc;xsd</Extensions>
    </Filter>
    <Filter Include="Resource Files">
      <UniqueIdentifier>{67DA6AB6-F800-4c08-8B7A-83BB121AAD01}</UniqueIdentifier>
      <Extensions>rc;ico;cur;bmp;dlg;rc2;rct;bin;rgs;gif;jpg;jpeg;jpe;resx;tiff;tif;png;wav;mfcribbon-ms</Extensions>
    </Filter>
    <Filter Include="Shader Files">
      <UniqueIdentifier>{a039cd15-dea5-4f8d-833a-0bb915ba6e22}</UniqueIdentifier>
    </Filter>
    <Filter Include="Scripts">
      <UniqueIdentifier>{2a2d6b51-9bdd-4e98-8a1c-25206f732c29}</UniqueIdentifier>
    </Filter>
    <Filter Include="SPH">
      <UniqueIdentifier>{240b33ff-ad48-41d8-aeae-0761b8c16386}</UniqueIdentifier>
    </Filter>
    <Filter Include="SPHShader">
      <UniqueIdentifier>{57bc3f9d-8f75-4ff1-8b79-3c07cd66f10c}</UniqueIdentifier>
    </Filter>
    <Filter Include="PBF">
      <UniqueIdentifier>{15b12bdd-110a-4228-b6ab-d8cf3deb2280}</UniqueIdentifier>
    </Filter>
    <Filter Include="PBR">
      <UniqueIdentifier>{7418dd8e-2141-4e1b-8555-6417d8260dbb}</UniqueIdentifier>
    </Filter>
  </ItemGroup>
  <ItemGroup>
    <ClCompile Include="main.cpp">
      <Filter>Source Files</Filter>
    </ClCompile>
    <ClCompile Include="ShaderLoader.cpp">
      <Filter>Source Files</Filter>
    </ClCompile>
    <ClCompile Include="Mesh.cpp">
      <Filter>Source Files</Filter>
    </ClCompile>
    <ClCompile Include="ObjLoader.cpp">
      <Filter>Source Files</Filter>
    </ClCompile>
    <ClCompile Include="SceneObject.cpp">
      <Filter>Source Files</Filter>
    </ClCompile>
    <ClCompile Include="InputManager.cpp">
      <Filter>Source Files</Filter>
    </ClCompile>
    <ClCompile Include="Texture.cpp">
      <Filter>Source Files</Filter>
    </ClCompile>
    <ClCompile Include="FrameBufferObject.cpp">
      <Filter>Source Files</Filter>
    </ClCompile>
    <ClCompile Include="SceneScript.cpp">
      <Filter>Scripts</Filter>
    </ClCompile>
    <ClCompile Include="LightScript.cpp">
      <Filter>Scripts</Filter>
    </ClCompile>
    <ClCompile Include="main2.cpp">
      <Filter>Source Files</Filter>
    </ClCompile>
    <ClCompile Include="Camera.cpp">
      <Filter>Source Files</Filter>
    </ClCompile>
    <ClCompile Include="CameraScript.cpp">
      <Filter>Scripts</Filter>
    </ClCompile>
    <ClCompile Include="Light.cpp">
      <Filter>Source Files</Filter>
    </ClCompile>
    <ClCompile Include="Debug.cpp">
      <Filter>Source Files</Filter>
    </ClCompile>
    <ClCompile Include="main3.cpp">
      <Filter>Source Files</Filter>
    </ClCompile>
    <ClCompile Include="main4.cpp">
      <Filter>Source Files</Filter>
    </ClCompile>
    <ClCompile Include="main5.cpp">
      <Filter>Source Files</Filter>
    </ClCompile>
    <ClCompile Include="sphmain.cpp">
      <Filter>SPH</Filter>
    </ClCompile>
    <ClCompile Include="Particle.cpp">
      <Filter>SPH</Filter>
    </ClCompile>
    <ClCompile Include="main6.cpp">
      <Filter>Source Files</Filter>
    </ClCompile>
    <ClCompile Include="main7.cpp">
      <Filter>Source Files</Filter>
    </ClCompile>
    <ClCompile Include="pbrmain.cpp">
      <Filter>PBR</Filter>
    </ClCompile>
    <ClCompile Include="PBFmain.cpp">
      <Filter>PBF</Filter>
    </ClCompile>
  </ItemGroup>
  <ItemGroup>
    <None Include="packages.config" />
    <None Include="TextureShader.fs">
      <Filter>Shader Files</Filter>
    </None>
    <None Include="TextureShader.vs">
      <Filter>Shader Files</Filter>
    </None>
    <None Include="PhongShader.vs">
      <Filter>Shader Files</Filter>
    </None>
    <None Include="PhongShader.fs">
      <Filter>Shader Files</Filter>
    </None>
    <None Include="LightShader.fs">
      <Filter>Shader Files</Filter>
    </None>
    <None Include="LightShader.vs">
      <Filter>Shader Files</Filter>
    </None>
    <None Include="FrameBufferObject.fs">
      <Filter>Shader Files</Filter>
    </None>
    <None Include="FrameBufferObject.vs">
      <Filter>Shader Files</Filter>
    </None>
    <None Include="SkyBoxShader.fs">
      <Filter>Shader Files</Filter>
    </None>
    <None Include="SkyBoxShader.vs">
      <Filter>Shader Files</Filter>
    </None>
    <None Include="SimpleDepthShader.vs">
      <Filter>Shader Files</Filter>
    </None>
    <None Include="SimpleDepthShader.fs">
      <Filter>Shader Files</Filter>
    </None>
    <None Include="DebugQuad.vs">
      <Filter>Shader Files</Filter>
    </None>
    <None Include="DebugQuad.fs">
      <Filter>Shader Files</Filter>
    </None>
    <None Include="Shadow.vs">
      <Filter>Shader Files</Filter>
    </None>
    <None Include="Shadow.fs">
      <Filter>Shader Files</Filter>
    </None>
    <None Include="HDRlighting.vs">
      <Filter>Shader Files</Filter>
    </None>
    <None Include="HDRlighting.fs">
      <Filter>Shader Files</Filter>
    </None>
    <None Include="GaussianBlur.vs">
      <Filter>Shader Files</Filter>
    </None>
    <None Include="GaussianBlur.fs">
      <Filter>Shader Files</Filter>
    </None>
    <None Include="Bloom.vs">
      <Filter>Shader Files</Filter>
    </None>
    <None Include="Bloom.fs">
      <Filter>Shader Files</Filter>
    </None>
    <None Include="DefferedShading.fs">
      <Filter>Shader Files</Filter>
    </None>
    <None Include="DefferedShading.vs">
      <Filter>Shader Files</Filter>
    </None>
    <None Include="SPH.vs">
      <Filter>SPHShader</Filter>
    </None>
    <None Include="SPH.fs">
      <Filter>SPHShader</Filter>
    </None>
    <None Include="Quad.vs">
      <Filter>Shader Files</Filter>
    </None>
    <None Include="SSAO_Geometry.fs">
      <Filter>Shader Files</Filter>
    </None>
    <None Include="SSAO_Geometry.vs">
      <Filter>Shader Files</Filter>
    </None>
    <None Include="SSAO.fs">
      <Filter>Shader Files</Filter>
    </None>
    <None Include="SSAO_Blur.fs">
      <Filter>Shader Files</Filter>
    </None>
    <None Include="PBR.vs">
      <Filter>Shader Files</Filter>
    </None>
    <None Include="PBR.fs">
      <Filter>Shader Files</Filter>
    </None>
  </ItemGroup>
  <ItemGroup>
    <ClInclude Include="ShaderLoader.h">
      <Filter>Header Files</Filter>
    </ClInclude>
    <ClInclude Include="OpenGLHeader.h">
      <Filter>Header Files</Filter>
    </ClInclude>
    <ClInclude Include="DefaultHeader.h">
      <Filter>Header Files</Filter>
    </ClInclude>
    <ClInclude Include="Vertex.h">
      <Filter>Header Files</Filter>
    </ClInclude>
    <ClInclude Include="Face.h">
      <Filter>Header Files</Filter>
    </ClInclude>
    <ClInclude Include="Mesh.h">
      <Filter>Header Files</Filter>
    </ClInclude>
    <ClInclude Include="ObjLoader.h">
      <Filter>Header Files</Filter>
    </ClInclude>
    <ClInclude Include="SceneObject.h">
      <Filter>Header Files</Filter>
    </ClInclude>
    <ClInclude Include="InputManager.h">
      <Filter>Header Files</Filter>
    </ClInclude>
    <ClInclude Include="Texture.h">
      <Filter>Header Files</Filter>
    </ClInclude>
    <ClInclude Include="FrameBufferObject.h">
      <Filter>Header Files</Filter>
    </ClInclude>
    <ClInclude Include="SceneScript.h">
      <Filter>Scripts</Filter>
    </ClInclude>
    <ClInclude Include="LightScript.h">
      <Filter>Scripts</Filter>
    </ClInclude>
    <ClInclude Include="Camera.h">
      <Filter>Header Files</Filter>
    </ClInclude>
    <ClInclude Include="CameraScript.h">
      <Filter>Scripts</Filter>
    </ClInclude>
    <ClInclude Include="Light.h">
      <Filter>Header Files</Filter>
    </ClInclude>
    <ClInclude Include="Debug.h">
      <Filter>Header Files</Filter>
    </ClInclude>
    <ClInclude Include="Particle.h">
      <Filter>SPH</Filter>
    </ClInclude>
  </ItemGroup>
</Project>