<?xml version="1.0" encoding="utf-8"?>
<Project ToolsVersion="4.0" xmlns="http://schemas.microsoft.com/developer/msbuild/2003">
  <ItemGroup>
    <Filter Include="Source Files">
      <UniqueIdentifier>{4FC737F1-C7A5-4376-A066-2A32D752A2FF}</UniqueIdentifier>
      <Extensions>cpp;c;cc;cxx;def;odl;idl;hpj;bat;asm;asmx</Extensions>
    </Filter>
    <Filter Include="Header Files">
      <UniqueIdentifier>{93995380-89BD-4b04-88EB-625FBE52EBFB}</UniqueIdentifier>
      <Extensions>h;hh;hpp;hxx;hm;inl;inc;xsd</Extensions>
    </Filter>
    <Filter Include="Resource Files">
      <UniqueIdentifier>{67DA6AB6-F800-4c08-8B7A-83BB121AAD01}</UniqueIdentifier>
      <Extensions>rc;ico;cur;bmp;dlg;rc2;rct;bin;rgs;gif;jpg;jpeg;jpe;resx;tiff;tif;png;wav;mfcribbon-ms</Extensions>
    </Filter>
    <Filter Include="Shader Files">
      <UniqueIdentifier>{a039cd15-dea5-4f8d-833a-0bb915ba6e22}</UniqueIdentifier>
    </Filter>
    <Filter Include="SceneObject">
      <UniqueIdentifier>{2a2d6b51-9bdd-4e98-8a1c-25206f732c29}</UniqueIdentifier>
    </Filter>
  </ItemGroup>
  <ItemGroup>
    <ClCompile Include="main.cpp">
      <Filter>Source Files</Filter>
    </ClCompile>
    <ClCompile Include="ShaderLoader.cpp">
      <Filter>Source Files</Filter>
    </ClCompile>
    <ClCompile Include="Mesh.cpp">
      <Filter>Source Files</Filter>
    </ClCompile>
    <ClCompile Include="ObjLoader.cpp">
      <Filter>Source Files</Filter>
    </ClCompile>
    <ClCompile Include="SceneObject.cpp">
      <Filter>Source Files</Filter>
    </ClCompile>
    <ClCompile Include="InputManager.cpp">
      <Filter>Source Files</Filter>
    </ClCompile>
    <ClCompile Include="PointLightObject.cpp">
      <Filter>SceneObject</Filter>
    </ClCompile>
    <ClCompile Include="QuadObject.cpp">
      <Filter>SceneObject</Filter>
    </ClCompile>
    <ClCompile Include="SphereObject.cpp">
      <Filter>SceneObject</Filter>
    </ClCompile>
    <ClCompile Include="CubeObject.cpp">
      <Filter>SceneObject</Filter>
    </ClCompile>
  </ItemGroup>
  <ItemGroup>
    <None Include="packages.config" />
    <None Include="TextureShader.fs">
      <Filter>Shader Files</Filter>
    </None>
    <None Include="TextureShader.vs">
      <Filter>Shader Files</Filter>
    </None>
    <None Include="PhongShader.vs">
      <Filter>Shader Files</Filter>
    </None>
    <None Include="PhongShader.fs">
      <Filter>Shader Files</Filter>
    </None>
    <None Include="LightShader.fs">
      <Filter>Shader Files</Filter>
    </None>
    <None Include="LightShader.vs">
      <Filter>Shader Files</Filter>
    </None>
    <None Include="FrameBufferObject.fs">
      <Filter>Shader Files</Filter>
    </None>
    <None Include="FrameBufferObject.vs">
      <Filter>Shader Files</Filter>
    </None>
    <None Include="SkyBoxShader.fs">
      <Filter>Shader Files</Filter>
    </None>
    <None Include="SkyBoxShader.vs">
      <Filter>Shader Files</Filter>
    </None>
  </ItemGroup>
  <ItemGroup>
    <ClInclude Include="ShaderLoader.h">
      <Filter>Header Files</Filter>
    </ClInclude>
    <ClInclude Include="OpenGLHeader.h">
      <Filter>Header Files</Filter>
    </ClInclude>
    <ClInclude Include="DefaultHeader.h">
      <Filter>Header Files</Filter>
    </ClInclude>
    <ClInclude Include="Vertex.h">
      <Filter>Header Files</Filter>
    </ClInclude>
    <ClInclude Include="Face.h">
      <Filter>Header Files</Filter>
    </ClInclude>
    <ClInclude Include="Mesh.h">
      <Filter>Header Files</Filter>
    </ClInclude>
    <ClInclude Include="ObjLoader.h">
      <Filter>Header Files</Filter>
    </ClInclude>
    <ClInclude Include="SceneObject.h">
      <Filter>Header Files</Filter>
    </ClInclude>
    <ClInclude Include="InputManager.h">
      <Filter>Header Files</Filter>
    </ClInclude>
    <ClInclude Include="PointLightObject.h">
      <Filter>SceneObject</Filter>
    </ClInclude>
    <ClInclude Include="QuadObject.h">
      <Filter>SceneObject</Filter>
    </ClInclude>
    <ClInclude Include="SphereObject.h">
      <Filter>SceneObject</Filter>
    </ClInclude>
    <ClInclude Include="CubeObject.h">
      <Filter>SceneObject</Filter>
    </ClInclude>
  </ItemGroup>
</Project>